
Microsoft Visual Studio Solution File, Format Version 12.00
# Visual Studio Version 17
VisualStudioVersion = 17.0.32901.226
MinimumVisualStudioVersion = 10.0.40219.1
Project("{9A19103F-16F7-4668-BE54-9A1E7A4F7556}") = "MouseButtonSwapper", "MouseButtonSwapper\MouseButtonSwapper.csproj", "{4C80415A-824C-452D-AE2D-8334F5D98195}"
EndProject
Global
	GlobalSection(SolutionConfigurationPlatforms) = preSolution
		Debug|Any CPU = Debug|Any CPU
		Release|Any CPU = Release|Any CPU
	EndGlobalSection
	GlobalSection(ProjectConfigurationPlatforms) = postSolution
		{4C80415A-824C-452D-AE2D-8334F5D98195}.Debug|Any CPU.ActiveCfg = Debug|Any CPU
		{4C80415A-824C-452D-AE2D-8334F5D98195}.Debug|Any CPU.Build.0 = Debug|Any CPU
		{4C80415A-824C-452D-AE2D-8334F5D98195}.Release|Any CPU.ActiveCfg = Release|Any CPU
		{4C80415A-824C-452D-AE2D-8334F5D98195}.Release|Any CPU.Build.0 = Release|Any CPU
	EndGlobalSection
	GlobalSection(SolutionProperties) = preSolution
		HideSolutionNode = FALSE
	EndGlobalSection
	GlobalSection(ExtensibilityGlobals) = postSolution
		SolutionGuid = {DEC15E27-F8F4-48AB-A1EA-A6C1A16269C8}
	EndGlobalSection
EndGlobal
